schema: '2.0'
stages:
  limpieza:
    cmd: python src/data/limpieza.py
    deps:
    - path: data/raw/bird_migration_with_origin_destination.csv
      hash: md5
      md5: 1443f3f8abbb4b153cdfe7fdb25c0aa8
      size: 3598233
    - path: src/data/limpieza.py
      hash: md5
      md5: 32968261de5e71279a01906753d5d5db
      size: 1271
    outs:
    - path: data/interim/bird_migration_OD_clean.csv
      hash: md5
      md5: c2413965b1144617e20171cd55275026
      size: 6066078
  procesado:
    cmd: python src/features/procesado.py
    deps:
    - path: data/interim/bird_migration_OD_clean.csv
      hash: md5
      md5: c2413965b1144617e20171cd55275026
      size: 6066078
    - path: src/features/procesado.py
      hash: md5
      md5: 25aa3e587caa05ea90b6fd8279835c18
      size: 559
    outs:
    - path: data/processed/bird_migration_OD_scaled.csv
      hash: md5
      md5: 15ccfc098b7370d2ea68368340cdc65b
      size: 6367080
  seleccion:
    cmd: python src/features/seleccion.py
    deps:
    - path: data/processed/bird_migration_OD_scaled.csv
      hash: md5
      md5: 15ccfc098b7370d2ea68368340cdc65b
      size: 6367080
    - path: src/features/seleccion.py
      hash: md5
      md5: c358ff7db0f32b5f2f802b458e7ba8cb
      size: 607
    outs:
    - path: data/processed/bird_migration_OD_selected.csv
      hash: md5
      md5: 241b69217f880113aba27a307421d830
      size: 2099203
  kmeans:
    cmd: python src/models/K-MEANS.py
    deps:
    - path: data/processed/bird_migration_OD_selected.csv
      hash: md5
      md5: 241b69217f880113aba27a307421d830
      size: 2099203
    - path: src/models/K-MEANS.py
      hash: md5
      md5: c625ea1fdf317275807769e7d850e9ae
      size: 817
    outs:
    - path: reports/figures/kmeans_clusters.png
      hash: md5
      md5: 7cdbe19f34de9ace523925d54fd681dd
      size: 541242
  random_forest:
    cmd: python src/models/RANDOM-FOREST.py
    deps:
    - path: data/processed/bird_migration_OD_selected.csv
      hash: md5
      md5: 241b69217f880113aba27a307421d830
      size: 2099203
    - path: src/models/RANDOM-FOREST.py
      hash: md5
      md5: 7b26fa38eb93f47e0f4cb4c88396e2f8
      size: 1427
    outs:
    - path: reports/figures/rf_confusion_matrix.png
      hash: md5
      md5: 0d850e07bbfe97c39072dfca9dfd43fd
      size: 55551
  knn:
    cmd: python src/models/KNN.py
    deps:
    - path: data/processed/bird_migration_OD_selected.csv
      hash: md5
      md5: 241b69217f880113aba27a307421d830
      size: 2099203
    - path: src/models/KNN.py
      hash: md5
      md5: 97c5e022dc979090f291db0e074a080d
      size: 1527
    outs:
    - path: reports/figures/knn_confusion_matrix.png
      hash: md5
      md5: 89c12239866711a27b6459821c6623f1
      size: 57774
  regresion_logistica:
    cmd: python src/models/REGRESION_LOGISTICA.py
    deps:
    - path: data/processed/bird_migration_OD_selected.csv
      hash: md5
      md5: 241b69217f880113aba27a307421d830
      size: 2099203
    - path: src/models/REGRESION_LOGISTICA.py
      hash: md5
      md5: 16d027a50c489c1b2a5e287662925cf2
      size: 1568
    outs:
    - path: reports/figures/rl_confusion_matrix.png
      hash: md5
      md5: 863dba7713b50c7731edacd8567c9d8f
      size: 56354
