schema: '2.0'
stages:
  limpieza:
    cmd: python src/data/limpieza.py
    deps:
    - path: data/raw/bird_migration_with_origin_destination.csv
      hash: md5
      md5: 3575e0daaf95497f54ae00145dfb9e5e
      size: 3588232
    - path: src/data/limpieza.py
      hash: md5
      md5: 32968261de5e71279a01906753d5d5db
      size: 1271
    outs:
    - path: data/interim/bird_migration_OD_clean.csv
      hash: md5
      md5: c2413965b1144617e20171cd55275026
      size: 6066078
  procesado:
    cmd: python src/features/procesado.py
    deps:
    - path: data/interim/bird_migration_OD_clean.csv
      hash: md5
      md5: c2413965b1144617e20171cd55275026
      size: 6066078
    - path: src/features/procesado.py
      hash: md5
      md5: 25aa3e587caa05ea90b6fd8279835c18
      size: 559
    outs:
    - path: data/processed/bird_migration_OD_scaled.csv
      hash: md5
      md5: 15ccfc098b7370d2ea68368340cdc65b
      size: 6367080
  seleccion:
    cmd: python src/features/seleccion.py
    deps:
    - path: data/processed/bird_migration_OD_scaled.csv
      hash: md5
      md5: 15ccfc098b7370d2ea68368340cdc65b
      size: 6367080
    - path: src/features/seleccion.py
      hash: md5
      md5: c358ff7db0f32b5f2f802b458e7ba8cb
      size: 607
    outs:
    - path: data/processed/bird_migration_OD_selected.csv
      hash: md5
      md5: 241b69217f880113aba27a307421d830
      size: 2099203
